
Microsoft Visual Studio Solution File, Format Version 12.00
# Visual Studio Version 16
VisualStudioVersion = 16.0.29613.14
MinimumVisualStudioVersion = 10.0.40219.1
Project("{FAE04EC0-301F-11D3-BF4B-00C04F79EFBC}") = "ImageGallery", "ImageGallery\ImageGallery.csproj", "{23292849-D407-473B-801A-866C68D8B1C0}"
EndProject
Global
	GlobalSection(SolutionConfigurationPlatforms) = preSolution
		Debug|Any CPU = Debug|Any CPU
		Release|Any CPU = Release|Any CPU
	EndGlobalSection
	GlobalSection(ProjectConfigurationPlatforms) = postSolution
		{23292849-D407-473B-801A-866C68D8B1C0}.Debug|Any CPU.ActiveCfg = Debug|Any CPU
		{23292849-D407-473B-801A-866C68D8B1C0}.Debug|Any CPU.Build.0 = Debug|Any CPU
		{23292849-D407-473B-801A-866C68D8B1C0}.Release|Any CPU.ActiveCfg = Release|Any CPU
		{23292849-D407-473B-801A-866C68D8B1C0}.Release|Any CPU.Build.0 = Release|Any CPU
	EndGlobalSection
	GlobalSection(SolutionProperties) = preSolution
		HideSolutionNode = FALSE
	EndGlobalSection
	GlobalSection(ExtensibilityGlobals) = postSolution
		SolutionGuid = {07AA40DA-CCCC-4A2A-92F0-CC4C0B0EEED2}
	EndGlobalSection
EndGlobal
